// !$*UTF8*$!
{
	archiveVersion = 1;
	classes = {
	};
	objectVersion = 46;
	objects = {

/* Begin PBXBuildFile section */
		802C55F913030F8B00D601A9 /* ScriptingBridge.framework in Frameworks */ = {isa = PBXBuildFile; fileRef = 802C55F813030F8B00D601A9 /* ScriptingBridge.framework */; };
		803957F01304246400C0CD17 /* TrackInfoView.m in Sources */ = {isa = PBXBuildFile; fileRef = 803957EF1304246400C0CD17 /* TrackInfoView.m */; };
		808FD9081302F0BC00F9948D /* QuartzCore.framework in Frameworks */ = {isa = PBXBuildFile; fileRef = 808FD9071302F0BC00F9948D /* QuartzCore.framework */; };
		80A0B3E61302C824002128B3 /* Cocoa.framework in Frameworks */ = {isa = PBXBuildFile; fileRef = 80A0B3E51302C824002128B3 /* Cocoa.framework */; };
		80A0B3F01302C824002128B3 /* InfoPlist.strings in Resources */ = {isa = PBXBuildFile; fileRef = 80A0B3EE1302C824002128B3 /* InfoPlist.strings */; };
		80A0B3F31302C824002128B3 /* main.m in Sources */ = {isa = PBXBuildFile; fileRef = 80A0B3F21302C824002128B3 /* main.m */; };
		80A0B3F61302C824002128B3 /* Credits.rtf in Resources */ = {isa = PBXBuildFile; fileRef = 80A0B3F41302C824002128B3 /* Credits.rtf */; };
		80A0B3F91302C824002128B3 /* NowPlayingAppDelegate.m in Sources */ = {isa = PBXBuildFile; fileRef = 80A0B3F81302C824002128B3 /* NowPlayingAppDelegate.m */; };
		80A0B3FC1302C825002128B3 /* MainMenu.xib in Resources */ = {isa = PBXBuildFile; fileRef = 80A0B3FA1302C825002128B3 /* MainMenu.xib */; };
		80A0B4041302C8C4002128B3 /* Icon.icns in Resources */ = {isa = PBXBuildFile; fileRef = 80A0B4031302C8C4002128B3 /* Icon.icns */; };
		80C7EAD713047F7A008F0CFE /* Appirater.m in Sources */ = {isa = PBXBuildFile; fileRef = 80C7EAD613047F7A008F0CFE /* Appirater.m */; };
		80C7EADD13048429008F0CFE /* SystemConfiguration.framework in Frameworks */ = {isa = PBXBuildFile; fileRef = 80C7EADC13048429008F0CFE /* SystemConfiguration.framework */; };
		80C7EAF11304871D008F0CFE /* LICENSE in Resources */ = {isa = PBXBuildFile; fileRef = 80C7EAEF1304871D008F0CFE /* LICENSE */; };
		80C7EAF21304871D008F0CFE /* README in Resources */ = {isa = PBXBuildFile; fileRef = 80C7EAF01304871D008F0CFE /* README */; };
/* End PBXBuildFile section */

/* Begin PBXFileReference section */
		802C55F613030F7D00D601A9 /* iTunes.h */ = {isa = PBXFileReference; fileEncoding = 4; lastKnownFileType = sourcecode.c.h; path = iTunes.h; sourceTree = "<group>"; };
		802C55F813030F8B00D601A9 /* ScriptingBridge.framework */ = {isa = PBXFileReference; lastKnownFileType = wrapper.framework; name = ScriptingBridge.framework; path = System/Library/Frameworks/ScriptingBridge.framework; sourceTree = SDKROOT; };
		803957EE1304246400C0CD17 /* TrackInfoView.h */ = {isa = PBXFileReference; fileEncoding = 4; lastKnownFileType = sourcecode.c.h; path = TrackInfoView.h; sourceTree = "<group>"; };
		803957EF1304246400C0CD17 /* TrackInfoView.m */ = {isa = PBXFileReference; fileEncoding = 4; lastKnownFileType = sourcecode.c.objc; path = TrackInfoView.m; sourceTree = "<group>"; };
		808FD9071302F0BC00F9948D /* QuartzCore.framework */ = {isa = PBXFileReference; lastKnownFileType = wrapper.framework; name = QuartzCore.framework; path = System/Library/Frameworks/QuartzCore.framework; sourceTree = SDKROOT; };
		80A0B3E11302C824002128B3 /* NowPlaying.app */ = {isa = PBXFileReference; explicitFileType = wrapper.application; includeInIndex = 0; path = NowPlaying.app; sourceTree = BUILT_PRODUCTS_DIR; };
		80A0B3E51302C824002128B3 /* Cocoa.framework */ = {isa = PBXFileReference; lastKnownFileType = wrapper.framework; name = Cocoa.framework; path = System/Library/Frameworks/Cocoa.framework; sourceTree = SDKROOT; };
		80A0B3E81302C824002128B3 /* AppKit.framework */ = {isa = PBXFileReference; lastKnownFileType = wrapper.framework; name = AppKit.framework; path = System/Library/Frameworks/AppKit.framework; sourceTree = SDKROOT; };
		80A0B3E91302C824002128B3 /* CoreData.framework */ = {isa = PBXFileReference; lastKnownFileType = wrapper.framework; name = CoreData.framework; path = System/Library/Frameworks/CoreData.framework; sourceTree = SDKROOT; };
		80A0B3EA1302C824002128B3 /* Foundation.framework */ = {isa = PBXFileReference; lastKnownFileType = wrapper.framework; name = Foundation.framework; path = System/Library/Frameworks/Foundation.framework; sourceTree = SDKROOT; };
		80A0B3ED1302C824002128B3 /* NowPlaying-Info.plist */ = {isa = PBXFileReference; lastKnownFileType = text.plist.xml; path = "NowPlaying-Info.plist"; sourceTree = "<group>"; };
		80A0B3EF1302C824002128B3 /* en */ = {isa = PBXFileReference; lastKnownFileType = text.plist.strings; name = en; path = en.lproj/InfoPlist.strings; sourceTree = "<group>"; };
		80A0B3F11302C824002128B3 /* NowPlaying-Prefix.pch */ = {isa = PBXFileReference; lastKnownFileType = sourcecode.c.h; path = "NowPlaying-Prefix.pch"; sourceTree = "<group>"; };
		80A0B3F21302C824002128B3 /* main.m */ = {isa = PBXFileReference; lastKnownFileType = sourcecode.c.objc; path = main.m; sourceTree = "<group>"; };
		80A0B3F51302C824002128B3 /* en */ = {isa = PBXFileReference; lastKnownFileType = text.rtf; name = en; path = en.lproj/Credits.rtf; sourceTree = "<group>"; };
		80A0B3F71302C824002128B3 /* NowPlayingAppDelegate.h */ = {isa = PBXFileReference; lastKnownFileType = sourcecode.c.h; path = NowPlayingAppDelegate.h; sourceTree = "<group>"; };
		80A0B3F81302C824002128B3 /* NowPlayingAppDelegate.m */ = {isa = PBXFileReference; lastKnownFileType = sourcecode.c.objc; path = NowPlayingAppDelegate.m; sourceTree = "<group>"; };
		80A0B3FB1302C825002128B3 /* en */ = {isa = PBXFileReference; lastKnownFileType = file.xib; name = en; path = en.lproj/MainMenu.xib; sourceTree = "<group>"; };
		80A0B4031302C8C4002128B3 /* Icon.icns */ = {isa = PBXFileReference; lastKnownFileType = image.icns; path = Icon.icns; sourceTree = "<group>"; };
		80C7EAD513047F7A008F0CFE /* Appirater.h */ = {isa = PBXFileReference; fileEncoding = 4; lastKnownFileType = sourcecode.c.h; path = Appirater.h; sourceTree = "<group>"; };
		80C7EAD613047F7A008F0CFE /* Appirater.m */ = {isa = PBXFileReference; fileEncoding = 4; lastKnownFileType = sourcecode.c.objc; path = Appirater.m; sourceTree = "<group>"; };
		80C7EADC13048429008F0CFE /* SystemConfiguration.framework */ = {isa = PBXFileReference; lastKnownFileType = wrapper.framework; name = SystemConfiguration.framework; path = System/Library/Frameworks/SystemConfiguration.framework; sourceTree = SDKROOT; };
		80C7EAEF1304871D008F0CFE /* LICENSE */ = {isa = PBXFileReference; fileEncoding = 4; lastKnownFileType = text; path = LICENSE; sourceTree = SOURCE_ROOT; };
		80C7EAF01304871D008F0CFE /* README */ = {isa = PBXFileReference; fileEncoding = 4; lastKnownFileType = text; path = README; sourceTree = SOURCE_ROOT; };
/* End PBXFileReference section */

/* Begin PBXFrameworksBuildPhase section */
		80A0B3DE1302C824002128B3 /* Frameworks */ = {
			isa = PBXFrameworksBuildPhase;
			buildActionMask = 2147483647;
			files = (
				80C7EADD13048429008F0CFE /* SystemConfiguration.framework in Frameworks */,
				802C55F913030F8B00D601A9 /* ScriptingBridge.framework in Frameworks */,
				808FD9081302F0BC00F9948D /* QuartzCore.framework in Frameworks */,
				80A0B3E61302C824002128B3 /* Cocoa.framework in Frameworks */,
			);
			runOnlyForDeploymentPostprocessing = 0;
		};
/* End PBXFrameworksBuildPhase section */

/* Begin PBXGroup section */
		803957EC1304242F00C0CD17 /* UI */ = {
			isa = PBXGroup;
			children = (
				803957EE1304246400C0CD17 /* TrackInfoView.h */,
				803957EF1304246400C0CD17 /* TrackInfoView.m */,
			);
			name = UI;
			sourceTree = "<group>";
		};
		80A0B3D61302C824002128B3 = {
			isa = PBXGroup;
			children = (
				80A0B3EB1302C824002128B3 /* NowPlaying */,
				80A0B3E41302C824002128B3 /* Frameworks */,
				80A0B3E21302C824002128B3 /* Products */,
			);
			sourceTree = "<group>";
		};
		80A0B3E21302C824002128B3 /* Products */ = {
			isa = PBXGroup;
			children = (
				80A0B3E11302C824002128B3 /* NowPlaying.app */,
			);
			name = Products;
			sourceTree = "<group>";
		};
		80A0B3E41302C824002128B3 /* Frameworks */ = {
			isa = PBXGroup;
			children = (
				80A0B3E51302C824002128B3 /* Cocoa.framework */,
				808FD9071302F0BC00F9948D /* QuartzCore.framework */,
				802C55F813030F8B00D601A9 /* ScriptingBridge.framework */,
				80C7EADC13048429008F0CFE /* SystemConfiguration.framework */,
				80A0B3E71302C824002128B3 /* Other Frameworks */,
			);
			name = Frameworks;
			sourceTree = "<group>";
		};
		80A0B3E71302C824002128B3 /* Other Frameworks */ = {
			isa = PBXGroup;
			children = (
				80A0B3E81302C824002128B3 /* AppKit.framework */,
				80A0B3E91302C824002128B3 /* CoreData.framework */,
				80A0B3EA1302C824002128B3 /* Foundation.framework */,
			);
			name = "Other Frameworks";
			sourceTree = "<group>";
		};
		80A0B3EB1302C824002128B3 /* NowPlaying */ = {
			isa = PBXGroup;
			children = (
				80C7EAD313047F61008F0CFE /* Appirater */,
				803957EC1304242F00C0CD17 /* UI */,
				802C55F613030F7D00D601A9 /* iTunes.h */,
				80A0B3F71302C824002128B3 /* NowPlayingAppDelegate.h */,
				80A0B3F81302C824002128B3 /* NowPlayingAppDelegate.m */,
				80A0B3FA1302C825002128B3 /* MainMenu.xib */,
				80A0B3EC1302C824002128B3 /* Supporting Files */,
			);
			path = NowPlaying;
			sourceTree = "<group>";
		};
		80A0B3EC1302C824002128B3 /* Supporting Files */ = {
			isa = PBXGroup;
			children = (
				80C7EAEF1304871D008F0CFE /* LICENSE */,
				80C7EAF01304871D008F0CFE /* README */,
				80A0B4031302C8C4002128B3 /* Icon.icns */,
				80A0B3ED1302C824002128B3 /* NowPlaying-Info.plist */,
				80A0B3EE1302C824002128B3 /* InfoPlist.strings */,
				80A0B3F11302C824002128B3 /* NowPlaying-Prefix.pch */,
				80A0B3F21302C824002128B3 /* main.m */,
				80A0B3F41302C824002128B3 /* Credits.rtf */,
			);
			name = "Supporting Files";
			sourceTree = "<group>";
		};
		80C7EAD313047F61008F0CFE /* Appirater */ = {
			isa = PBXGroup;
			children = (
				80C7EAD513047F7A008F0CFE /* Appirater.h */,
				80C7EAD613047F7A008F0CFE /* Appirater.m */,
			);
			name = Appirater;
			sourceTree = "<group>";
		};
/* End PBXGroup section */

/* Begin PBXNativeTarget section */
		80A0B3E01302C824002128B3 /* NowPlaying */ = {
			isa = PBXNativeTarget;
			buildConfigurationList = 80A0B3FF1302C825002128B3 /* Build configuration list for PBXNativeTarget "NowPlaying" */;
			buildPhases = (
				80A0B3DD1302C824002128B3 /* Sources */,
				80A0B3DE1302C824002128B3 /* Frameworks */,
				80A0B3DF1302C824002128B3 /* Resources */,
			);
			buildRules = (
			);
			dependencies = (
			);
			name = NowPlaying;
			productName = NowPlaying;
			productReference = 80A0B3E11302C824002128B3 /* NowPlaying.app */;
			productType = "com.apple.product-type.application";
		};
/* End PBXNativeTarget section */

/* Begin PBXProject section */
		80A0B3D81302C824002128B3 /* Project object */ = {
			isa = PBXProject;
			buildConfigurationList = 80A0B3DB1302C824002128B3 /* Build configuration list for PBXProject "NowPlaying" */;
			compatibilityVersion = "Xcode 3.2";
			developmentRegion = English;
			hasScannedForEncodings = 0;
			knownRegions = (
				en,
			);
			mainGroup = 80A0B3D61302C824002128B3;
			productRefGroup = 80A0B3E21302C824002128B3 /* Products */;
			projectDirPath = "";
			projectRoot = "";
			targets = (
				80A0B3E01302C824002128B3 /* NowPlaying */,
			);
		};
/* End PBXProject section */

/* Begin PBXResourcesBuildPhase section */
		80A0B3DF1302C824002128B3 /* Resources */ = {
			isa = PBXResourcesBuildPhase;
			buildActionMask = 2147483647;
			files = (
				80A0B3F01302C824002128B3 /* InfoPlist.strings in Resources */,
				80A0B3F61302C824002128B3 /* Credits.rtf in Resources */,
				80A0B3FC1302C825002128B3 /* MainMenu.xib in Resources */,
				80A0B4041302C8C4002128B3 /* Icon.icns in Resources */,
				80C7EAF11304871D008F0CFE /* LICENSE in Resources */,
				80C7EAF21304871D008F0CFE /* README in Resources */,
			);
			runOnlyForDeploymentPostprocessing = 0;
		};
/* End PBXResourcesBuildPhase section */

/* Begin PBXSourcesBuildPhase section */
		80A0B3DD1302C824002128B3 /* Sources */ = {
			isa = PBXSourcesBuildPhase;
			buildActionMask = 2147483647;
			files = (
				80A0B3F31302C824002128B3 /* main.m in Sources */,
				80A0B3F91302C824002128B3 /* NowPlayingAppDelegate.m in Sources */,
				803957F01304246400C0CD17 /* TrackInfoView.m in Sources */,
				80C7EAD713047F7A008F0CFE /* Appirater.m in Sources */,
			);
			runOnlyForDeploymentPostprocessing = 0;
		};
/* End PBXSourcesBuildPhase section */

/* Begin PBXVariantGroup section */
		80A0B3EE1302C824002128B3 /* InfoPlist.strings */ = {
			isa = PBXVariantGroup;
			children = (
				80A0B3EF1302C824002128B3 /* en */,
			);
			name = InfoPlist.strings;
			sourceTree = "<group>";
		};
		80A0B3F41302C824002128B3 /* Credits.rtf */ = {
			isa = PBXVariantGroup;
			children = (
				80A0B3F51302C824002128B3 /* en */,
			);
			name = Credits.rtf;
			sourceTree = "<group>";
		};
		80A0B3FA1302C825002128B3 /* MainMenu.xib */ = {
			isa = PBXVariantGroup;
			children = (
				80A0B3FB1302C825002128B3 /* en */,
			);
			name = MainMenu.xib;
			sourceTree = "<group>";
		};
/* End PBXVariantGroup section */

/* Begin XCBuildConfiguration section */
		80A0B3FD1302C825002128B3 /* Debug */ = {
			isa = XCBuildConfiguration;
			buildSettings = {
				ARCHS = "$(ARCHS_STANDARD_32_64_BIT)";
				GCC_C_LANGUAGE_STANDARD = gnu99;
				GCC_OPTIMIZATION_LEVEL = 0;
				GCC_PREPROCESSOR_DEFINITIONS = DEBUG;
				GCC_VERSION = com.apple.compilers.llvm.clang.1_0;
				GCC_WARN_64_TO_32_BIT_CONVERSION = YES;
				GCC_WARN_ABOUT_RETURN_TYPE = YES;
				GCC_WARN_UNUSED_VARIABLE = YES;
				MACOSX_DEPLOYMENT_TARGET = 10.6;
				ONLY_ACTIVE_ARCH = YES;
				SDKROOT = macosx;
			};
			name = Debug;
		};
		80A0B3FE1302C825002128B3 /* Release */ = {
			isa = XCBuildConfiguration;
			buildSettings = {
				ARCHS = "$(ARCHS_STANDARD_32_64_BIT)";
				GCC_C_LANGUAGE_STANDARD = gnu99;
				GCC_VERSION = com.apple.compilers.llvm.clang.1_0;
				GCC_WARN_64_TO_32_BIT_CONVERSION = YES;
				GCC_WARN_ABOUT_RETURN_TYPE = YES;
				GCC_WARN_UNUSED_VARIABLE = YES;
				MACOSX_DEPLOYMENT_TARGET = 10.6;
				SDKROOT = macosx;
			};
			name = Release;
		};
		80A0B4001302C825002128B3 /* Debug */ = {
			isa = XCBuildConfiguration;
			buildSettings = {
				ALWAYS_SEARCH_USER_PATHS = NO;
				COPY_PHASE_STRIP = NO;
				GCC_DYNAMIC_NO_PIC = NO;
				GCC_ENABLE_OBJC_EXCEPTIONS = YES;
				GCC_PRECOMPILE_PREFIX_HEADER = YES;
				GCC_PREFIX_HEADER = "NowPlaying/NowPlaying-Prefix.pch";
				INFOPLIST_FILE = "NowPlaying/NowPlaying-Info.plist";
				PRODUCT_NAME = "$(TARGET_NAME)";
				WRAPPER_EXTENSION = app;
			};
			name = Debug;
		};
		80A0B4011302C825002128B3 /* Release */ = {
			isa = XCBuildConfiguration;
			buildSettings = {
				ALWAYS_SEARCH_USER_PATHS = NO;
				COPY_PHASE_STRIP = YES;
				DEBUG_INFORMATION_FORMAT = "dwarf-with-dsym";
				GCC_ENABLE_OBJC_EXCEPTIONS = YES;
				GCC_PRECOMPILE_PREFIX_HEADER = YES;
				GCC_PREFIX_HEADER = "NowPlaying/NowPlaying-Prefix.pch";
				INFOPLIST_FILE = "NowPlaying/NowPlaying-Info.plist";
				PRODUCT_NAME = "$(TARGET_NAME)";
				WRAPPER_EXTENSION = app;
			};
			name = Release;
		};
/* End XCBuildConfiguration section */

/* Begin XCConfigurationList section */
		80A0B3DB1302C824002128B3 /* Build configuration list for PBXProject "NowPlaying" */ = {
			isa = XCConfigurationList;
			buildConfigurations = (
				80A0B3FD1302C825002128B3 /* Debug */,
				80A0B3FE1302C825002128B3 /* Release */,
			);
			defaultConfigurationIsVisible = 0;
			defaultConfigurationName = Release;
		};
		80A0B3FF1302C825002128B3 /* Build configuration list for PBXNativeTarget "NowPlaying" */ = {
			isa = XCConfigurationList;
			buildConfigurations = (
				80A0B4001302C825002128B3 /* Debug */,
				80A0B4011302C825002128B3 /* Release */,
			);
			defaultConfigurationIsVisible = 0;
			defaultConfigurationName = Release;
		};
/* End XCConfigurationList section */
	};
	rootObject = 80A0B3D81302C824002128B3 /* Project object */;
}
